
Microsoft Visual Studio Solution File, Format Version 12.00
# Visual Studio Version 16
VisualStudioVersion = 16.0.33130.400
MinimumVisualStudioVersion = 10.0.40219.1
Project("{FAE04EC0-301F-11D3-BF4B-00C04F79EFBC}") = "ders13.2", "ders13.2\ders13.2.csproj", "{43DF6C1E-F167-4B6C-B126-3F5A3442A9FC}"
EndProject
Global
	GlobalSection(SolutionConfigurationPlatforms) = preSolution
		Debug|Any CPU = Debug|Any CPU
		Release|Any CPU = Release|Any CPU
	EndGlobalSection
	GlobalSection(ProjectConfigurationPlatforms) = postSolution
		{43DF6C1E-F167-4B6C-B126-3F5A3442A9FC}.Debug|Any CPU.ActiveCfg = Debug|Any CPU
		{43DF6C1E-F167-4B6C-B126-3F5A3442A9FC}.Debug|Any CPU.Build.0 = Debug|Any CPU
		{43DF6C1E-F167-4B6C-B126-3F5A3442A9FC}.Release|Any CPU.ActiveCfg = Release|Any CPU
		{43DF6C1E-F167-4B6C-B126-3F5A3442A9FC}.Release|Any CPU.Build.0 = Release|Any CPU
	EndGlobalSection
	GlobalSection(SolutionProperties) = preSolution
		HideSolutionNode = FALSE
	EndGlobalSection
	GlobalSection(ExtensibilityGlobals) = postSolution
		SolutionGuid = {A0C4B9FA-1535-4759-A8E8-1AAAE606633E}
	EndGlobalSection
EndGlobal
